# This file is autogenerated, do not edit; changes may be undone by the next 'dep ensure'.


[[projects]]
  branch = "master"
  name = "github.com/bitrise-io/depman"
  packages = ["pathutil"]
  revision = "e296641465fca7487059fcabd9bb57e9a3f3b1f8"

[[projects]]
  branch = "master"
  name = "github.com/bitrise-io/go-utils"
  packages = ["colorstring","command","errorutil","log","pathutil"]
  revision = "e2d40cad7992353c1f14cc24c86638d9e164bf52"

[[projects]]
  branch = "master"
  name = "github.com/bitrise-tools/go-steputils"
  packages = ["input"]
  revision = "fde82e0ff3c0643076950c8642142207845eaa39"

[solve-meta]
  analyzer-name = "dep"
  analyzer-version = 1
  inputs-digest = "2623397e95fc5a7c51001cabc209bab8f0d33a6276b609b81cbdee1c5975ca04"
  solver-name = "gps-cdcl"
  solver-version = 1
